
Microsoft Visual Studio Solution File, Format Version 12.00
# Visual Studio Version 16
VisualStudioVersion = 16.0.31729.503
MinimumVisualStudioVersion = 10.0.40219.1
Project("{FAE04EC0-301F-11D3-BF4B-00C04F79EFBC}") = "ABRISPlanner", "ABRISPlanner.csproj", "{80654145-3517-4D94-8F07-B1E8C11A4AD3}"
EndProject
Global
	GlobalSection(SolutionConfigurationPlatforms) = preSolution
		Debug|Any CPU = Debug|Any CPU
		Release|Any CPU = Release|Any CPU
	EndGlobalSection
	GlobalSection(ProjectConfigurationPlatforms) = postSolution
		{80654145-3517-4D94-8F07-B1E8C11A4AD3}.Debug|Any CPU.ActiveCfg = Debug|Any CPU
		{80654145-3517-4D94-8F07-B1E8C11A4AD3}.Debug|Any CPU.Build.0 = Debug|Any CPU
		{80654145-3517-4D94-8F07-B1E8C11A4AD3}.Release|Any CPU.ActiveCfg = Release|Any CPU
		{80654145-3517-4D94-8F07-B1E8C11A4AD3}.Release|Any CPU.Build.0 = Release|Any CPU
	EndGlobalSection
	GlobalSection(SolutionProperties) = preSolution
		HideSolutionNode = FALSE
	EndGlobalSection
	GlobalSection(ExtensibilityGlobals) = postSolution
		SolutionGuid = {E2BAEE66-11CD-42BE-82A5-C0F7623164A7}
	EndGlobalSection
EndGlobal
